
Microsoft Visual Studio Solution File, Format Version 12.00
# Visual Studio 15
VisualStudioVersion = 15.0.27428.2015
MinimumVisualStudioVersion = 10.0.40219.1
Project("{9A19103F-16F7-4668-BE54-9A1E7A4F7556}") = "Monytor.Core", "Monytor.Core\Monytor.Core.csproj", "{0BC4D19F-D896-44B3-AF69-72F616045BC8}"
EndProject
Project("{9A19103F-16F7-4668-BE54-9A1E7A4F7556}") = "Monytor.Domain", "Monytor.Domain\Monytor.Domain.csproj", "{6F5AC79B-3836-4B62-89DB-3460BE52B170}"
EndProject
Project("{9A19103F-16F7-4668-BE54-9A1E7A4F7556}") = "Monytor.Infrastructure", "Monytor.Infrastructure\Monytor.Infrastructure.csproj", "{038403C8-BEDA-4FA6-A60C-935ACE21C2BF}"
EndProject
Project("{9A19103F-16F7-4668-BE54-9A1E7A4F7556}") = "Monytor.RavenDb", "Monytor.RavenDb\Monytor.RavenDb.csproj", "{34A3345C-735C-41B6-802A-24D7D7C95B73}"
EndProject
Project("{9A19103F-16F7-4668-BE54-9A1E7A4F7556}") = "Monytor.WebApi", "Monytor.WebApi\Monytor.WebApi.csproj", "{9867CBAD-EC06-4F64-8290-088FE5426CBC}"
EndProject
Project("{9A19103F-16F7-4668-BE54-9A1E7A4F7556}") = "Monytor.Implementation", "Monytor.Implementation\Monytor.Implementation.csproj", "{35BA5F95-35E9-4EDB-AA4B-369E29A39D85}"
EndProject
Project("{9A19103F-16F7-4668-BE54-9A1E7A4F7556}") = "Monytor.Startup", "Monytor.Startup\Monytor.Startup.csproj", "{CF06D128-3520-4EB0-8644-6FB894EB5C9A}"
EndProject
Project("{2150E333-8FDC-42A3-9474-1A3956D46DE8}") = "Tests", "Tests", "{10A676FD-4AF2-41CB-AEC4-322A5AA119AA}"
EndProject
Project("{9A19103F-16F7-4668-BE54-9A1E7A4F7556}") = "Monytor.Infrastructure.Tests", "Tests\Monytor.Infrastructure.Tests\Monytor.Infrastructure.Tests.csproj", "{C997EE13-66E2-44A8-850F-60B856A4AC8A}"
EndProject
Project("{9A19103F-16F7-4668-BE54-9A1E7A4F7556}") = "Monytor.Implementation.Collectors", "Monytor.Implementation.Collectors\Monytor.Implementation.Collectors.csproj", "{A4CF8B17-C6E5-4B71-9D67-B35DF1748512}"
EndProject
Project("{9A19103F-16F7-4668-BE54-9A1E7A4F7556}") = "Monytor.Implementation.Collectors.RavenDb", "Monytor.Implementation.Collectors.RavenDb\Monytor.Implementation.Collectors.RavenDb.csproj", "{5A43F70F-0E1C-4D52-9544-00173FB6D91D}"
EndProject
Project("{9A19103F-16F7-4668-BE54-9A1E7A4F7556}") = "Monytor.Scheduler", "Monytor.Scheduler\Monytor.Scheduler.csproj", "{C3DB25C2-1689-4F28-8CC3-BE7383FA5E8B}"
EndProject
Project("{9A19103F-16F7-4668-BE54-9A1E7A4F7556}") = "Monytor.Scheduler.NetCore", "Monytor.Scheduler.NetCore\Monytor.Scheduler.NetCore.csproj", "{83816E74-BFB8-4270-A7E4-1E0D6EF08E11}"
EndProject
Project("{FAE04EC0-301F-11D3-BF4B-00C04F79EFBC}") = "Monytor.Scheduler.NetFramework", "Monytor.Scheduler.NetFramework\Monytor.Scheduler.NetFramework.csproj", "{32533427-5E8E-4A72-83A4-8B5204FD2E74}"
EndProject
Project("{9A19103F-16F7-4668-BE54-9A1E7A4F7556}") = "Monytor.Implementation.Collectors.Sql", "Monytor.Implementation.Collectors.Sql\Monytor.Implementation.Collectors.Sql.csproj", "{8C71A48D-E7FA-4C78-AF68-D22931188027}"
EndProject
Project("{9A19103F-16F7-4668-BE54-9A1E7A4F7556}") = "Monytor.Implementation.Collectors.Sql.PostgreSql", "Monytor.Implementation.Collectors.Sql.PostgreSql\Monytor.Implementation.Collectors.Sql.PostgreSql.csproj", "{F83C69E5-911A-4B57-8576-1907B42C0F4F}"
EndProject
Project("{9A19103F-16F7-4668-BE54-9A1E7A4F7556}") = "Monytor.Implementation.Collectors.Sql.MySql", "Monytor.Implementation.Collectors.Sql.MySql\Monytor.Implementation.Collectors.Sql.MySql.csproj", "{FBE951C6-483C-47F1-AA88-049970030C96}"
EndProject
Project("{9A19103F-16F7-4668-BE54-9A1E7A4F7556}") = "Monytor.Implementation.Collectors.Sql.MsSql", "Monytor.Implementation.Collectors.Sql.MsSql\Monytor.Implementation.Collectors.Sql.MsSql.csproj", "{48570805-5BD4-4991-B011-17ED9816E7E7}"
EndProject
Project("{9A19103F-16F7-4668-BE54-9A1E7A4F7556}") = "Monytor.Implementation.Collectors.Sql.Oracle", "Monytor.Implementation.Collectors.Sql.Oracle\Monytor.Implementation.Collectors.Sql.Oracle.csproj", "{A01B9494-355A-4F23-8A98-E5979A890B33}"
EndProject
Project("{9A19103F-16F7-4668-BE54-9A1E7A4F7556}") = "Monytor.PostgreSQL", "Monytor.PostgreSQL\Monytor.PostgreSQL.csproj", "{ED1C7FBC-75EC-4584-842E-9E98F87B5D66}"
EndProject
Project("{FAE04EC0-301F-11D3-BF4B-00C04F79EFBC}") = "Monytor.Domain.Tests", "Tests\Monytor.Domain.Tests\Monytor.Domain.Tests.csproj", "{96221E09-1EE3-4EC4-8F46-61025ABCBC91}"
EndProject
Project("{FAE04EC0-301F-11D3-BF4B-00C04F79EFBC}") = "Monytor.Contracts", "Monytor.Contracts\Monytor.Contracts.csproj", "{BF72D569-0B4F-4C28-9EDA-C54EFA43426A}"
EndProject
Project("{FAE04EC0-301F-11D3-BF4B-00C04F79EFBC}") = "Monytor.Implementation.Collectors.NetFramework.Behaviors", "Monytor.Implementation.Collectors.NetFramework.Behaviors\Monytor.Implementation.Collectors.NetFramework.Behaviors.csproj", "{CA7C4ABD-1C6E-4437-ABB8-37A6B0AD1CC5}"
EndProject
Project("{FAE04EC0-301F-11D3-BF4B-00C04F79EFBC}") = "Monytor.Implementation.Collectors.NetFramework", "Monytor.Implementation.Collectors.NetFramework\Monytor.Implementation.Collectors.NetFramework.csproj", "{619151F8-A6A9-40C2-AA8C-601E341A5011}"
EndProject
Global
	GlobalSection(SolutionConfigurationPlatforms) = preSolution
		Debug|Any CPU = Debug|Any CPU
		Release|Any CPU = Release|Any CPU
	EndGlobalSection
	GlobalSection(ProjectConfigurationPlatforms) = postSolution
		{0BC4D19F-D896-44B3-AF69-72F616045BC8}.Debug|Any CPU.ActiveCfg = Debug|Any CPU
		{0BC4D19F-D896-44B3-AF69-72F616045BC8}.Debug|Any CPU.Build.0 = Debug|Any CPU
		{0BC4D19F-D896-44B3-AF69-72F616045BC8}.Release|Any CPU.ActiveCfg = Release|Any CPU
		{0BC4D19F-D896-44B3-AF69-72F616045BC8}.Release|Any CPU.Build.0 = Release|Any CPU
		{6F5AC79B-3836-4B62-89DB-3460BE52B170}.Debug|Any CPU.ActiveCfg = Debug|Any CPU
		{6F5AC79B-3836-4B62-89DB-3460BE52B170}.Debug|Any CPU.Build.0 = Debug|Any CPU
		{6F5AC79B-3836-4B62-89DB-3460BE52B170}.Release|Any CPU.ActiveCfg = Release|Any CPU
		{6F5AC79B-3836-4B62-89DB-3460BE52B170}.Release|Any CPU.Build.0 = Release|Any CPU
		{038403C8-BEDA-4FA6-A60C-935ACE21C2BF}.Debug|Any CPU.ActiveCfg = Debug|Any CPU
		{038403C8-BEDA-4FA6-A60C-935ACE21C2BF}.Debug|Any CPU.Build.0 = Debug|Any CPU
		{038403C8-BEDA-4FA6-A60C-935ACE21C2BF}.Release|Any CPU.ActiveCfg = Release|Any CPU
		{038403C8-BEDA-4FA6-A60C-935ACE21C2BF}.Release|Any CPU.Build.0 = Release|Any CPU
		{34A3345C-735C-41B6-802A-24D7D7C95B73}.Debug|Any CPU.ActiveCfg = Debug|Any CPU
		{34A3345C-735C-41B6-802A-24D7D7C95B73}.Debug|Any CPU.Build.0 = Debug|Any CPU
		{34A3345C-735C-41B6-802A-24D7D7C95B73}.Release|Any CPU.ActiveCfg = Release|Any CPU
		{34A3345C-735C-41B6-802A-24D7D7C95B73}.Release|Any CPU.Build.0 = Release|Any CPU
		{9867CBAD-EC06-4F64-8290-088FE5426CBC}.Debug|Any CPU.ActiveCfg = Debug|Any CPU
		{9867CBAD-EC06-4F64-8290-088FE5426CBC}.Debug|Any CPU.Build.0 = Debug|Any CPU
		{9867CBAD-EC06-4F64-8290-088FE5426CBC}.Release|Any CPU.ActiveCfg = Release|Any CPU
		{9867CBAD-EC06-4F64-8290-088FE5426CBC}.Release|Any CPU.Build.0 = Release|Any CPU
		{35BA5F95-35E9-4EDB-AA4B-369E29A39D85}.Debug|Any CPU.ActiveCfg = Debug|Any CPU
		{35BA5F95-35E9-4EDB-AA4B-369E29A39D85}.Debug|Any CPU.Build.0 = Debug|Any CPU
		{35BA5F95-35E9-4EDB-AA4B-369E29A39D85}.Release|Any CPU.ActiveCfg = Release|Any CPU
		{35BA5F95-35E9-4EDB-AA4B-369E29A39D85}.Release|Any CPU.Build.0 = Release|Any CPU
		{CF06D128-3520-4EB0-8644-6FB894EB5C9A}.Debug|Any CPU.ActiveCfg = Debug|Any CPU
		{CF06D128-3520-4EB0-8644-6FB894EB5C9A}.Debug|Any CPU.Build.0 = Debug|Any CPU
		{CF06D128-3520-4EB0-8644-6FB894EB5C9A}.Release|Any CPU.ActiveCfg = Release|Any CPU
		{CF06D128-3520-4EB0-8644-6FB894EB5C9A}.Release|Any CPU.Build.0 = Release|Any CPU
		{C997EE13-66E2-44A8-850F-60B856A4AC8A}.Debug|Any CPU.ActiveCfg = Debug|Any CPU
		{C997EE13-66E2-44A8-850F-60B856A4AC8A}.Debug|Any CPU.Build.0 = Debug|Any CPU
		{C997EE13-66E2-44A8-850F-60B856A4AC8A}.Release|Any CPU.ActiveCfg = Release|Any CPU
		{C997EE13-66E2-44A8-850F-60B856A4AC8A}.Release|Any CPU.Build.0 = Release|Any CPU
		{A4CF8B17-C6E5-4B71-9D67-B35DF1748512}.Debug|Any CPU.ActiveCfg = Debug|Any CPU
		{A4CF8B17-C6E5-4B71-9D67-B35DF1748512}.Debug|Any CPU.Build.0 = Debug|Any CPU
		{A4CF8B17-C6E5-4B71-9D67-B35DF1748512}.Release|Any CPU.ActiveCfg = Release|Any CPU
		{A4CF8B17-C6E5-4B71-9D67-B35DF1748512}.Release|Any CPU.Build.0 = Release|Any CPU
		{5A43F70F-0E1C-4D52-9544-00173FB6D91D}.Debug|Any CPU.ActiveCfg = Debug|Any CPU
		{5A43F70F-0E1C-4D52-9544-00173FB6D91D}.Debug|Any CPU.Build.0 = Debug|Any CPU
		{5A43F70F-0E1C-4D52-9544-00173FB6D91D}.Release|Any CPU.ActiveCfg = Release|Any CPU
		{5A43F70F-0E1C-4D52-9544-00173FB6D91D}.Release|Any CPU.Build.0 = Release|Any CPU
		{C3DB25C2-1689-4F28-8CC3-BE7383FA5E8B}.Debug|Any CPU.ActiveCfg = Debug|Any CPU
		{C3DB25C2-1689-4F28-8CC3-BE7383FA5E8B}.Debug|Any CPU.Build.0 = Debug|Any CPU
		{C3DB25C2-1689-4F28-8CC3-BE7383FA5E8B}.Release|Any CPU.ActiveCfg = Release|Any CPU
		{C3DB25C2-1689-4F28-8CC3-BE7383FA5E8B}.Release|Any CPU.Build.0 = Release|Any CPU
		{83816E74-BFB8-4270-A7E4-1E0D6EF08E11}.Debug|Any CPU.ActiveCfg = Debug|Any CPU
		{83816E74-BFB8-4270-A7E4-1E0D6EF08E11}.Debug|Any CPU.Build.0 = Debug|Any CPU
		{83816E74-BFB8-4270-A7E4-1E0D6EF08E11}.Release|Any CPU.ActiveCfg = Release|Any CPU
		{83816E74-BFB8-4270-A7E4-1E0D6EF08E11}.Release|Any CPU.Build.0 = Release|Any CPU
		{32533427-5E8E-4A72-83A4-8B5204FD2E74}.Debug|Any CPU.ActiveCfg = Debug|Any CPU
		{32533427-5E8E-4A72-83A4-8B5204FD2E74}.Debug|Any CPU.Build.0 = Debug|Any CPU
		{32533427-5E8E-4A72-83A4-8B5204FD2E74}.Release|Any CPU.ActiveCfg = Release|Any CPU
		{32533427-5E8E-4A72-83A4-8B5204FD2E74}.Release|Any CPU.Build.0 = Release|Any CPU
		{8C71A48D-E7FA-4C78-AF68-D22931188027}.Debug|Any CPU.ActiveCfg = Debug|Any CPU
		{8C71A48D-E7FA-4C78-AF68-D22931188027}.Debug|Any CPU.Build.0 = Debug|Any CPU
		{8C71A48D-E7FA-4C78-AF68-D22931188027}.Release|Any CPU.ActiveCfg = Release|Any CPU
		{8C71A48D-E7FA-4C78-AF68-D22931188027}.Release|Any CPU.Build.0 = Release|Any CPU
		{F83C69E5-911A-4B57-8576-1907B42C0F4F}.Debug|Any CPU.ActiveCfg = Debug|Any CPU
		{F83C69E5-911A-4B57-8576-1907B42C0F4F}.Debug|Any CPU.Build.0 = Debug|Any CPU
		{F83C69E5-911A-4B57-8576-1907B42C0F4F}.Release|Any CPU.ActiveCfg = Release|Any CPU
		{F83C69E5-911A-4B57-8576-1907B42C0F4F}.Release|Any CPU.Build.0 = Release|Any CPU
		{FBE951C6-483C-47F1-AA88-049970030C96}.Debug|Any CPU.ActiveCfg = Debug|Any CPU
		{FBE951C6-483C-47F1-AA88-049970030C96}.Debug|Any CPU.Build.0 = Debug|Any CPU
		{FBE951C6-483C-47F1-AA88-049970030C96}.Release|Any CPU.ActiveCfg = Release|Any CPU
		{FBE951C6-483C-47F1-AA88-049970030C96}.Release|Any CPU.Build.0 = Release|Any CPU
		{48570805-5BD4-4991-B011-17ED9816E7E7}.Debug|Any CPU.ActiveCfg = Debug|Any CPU
		{48570805-5BD4-4991-B011-17ED9816E7E7}.Debug|Any CPU.Build.0 = Debug|Any CPU
		{48570805-5BD4-4991-B011-17ED9816E7E7}.Release|Any CPU.ActiveCfg = Release|Any CPU
		{48570805-5BD4-4991-B011-17ED9816E7E7}.Release|Any CPU.Build.0 = Release|Any CPU
		{A01B9494-355A-4F23-8A98-E5979A890B33}.Debug|Any CPU.ActiveCfg = Debug|Any CPU
		{A01B9494-355A-4F23-8A98-E5979A890B33}.Debug|Any CPU.Build.0 = Debug|Any CPU
		{A01B9494-355A-4F23-8A98-E5979A890B33}.Release|Any CPU.ActiveCfg = Release|Any CPU
		{A01B9494-355A-4F23-8A98-E5979A890B33}.Release|Any CPU.Build.0 = Release|Any CPU
		{ED1C7FBC-75EC-4584-842E-9E98F87B5D66}.Debug|Any CPU.ActiveCfg = Debug|Any CPU
		{ED1C7FBC-75EC-4584-842E-9E98F87B5D66}.Debug|Any CPU.Build.0 = Debug|Any CPU
		{ED1C7FBC-75EC-4584-842E-9E98F87B5D66}.Release|Any CPU.ActiveCfg = Release|Any CPU
		{ED1C7FBC-75EC-4584-842E-9E98F87B5D66}.Release|Any CPU.Build.0 = Release|Any CPU
		{96221E09-1EE3-4EC4-8F46-61025ABCBC91}.Debug|Any CPU.ActiveCfg = Debug|Any CPU
		{96221E09-1EE3-4EC4-8F46-61025ABCBC91}.Debug|Any CPU.Build.0 = Debug|Any CPU
		{96221E09-1EE3-4EC4-8F46-61025ABCBC91}.Release|Any CPU.ActiveCfg = Release|Any CPU
		{96221E09-1EE3-4EC4-8F46-61025ABCBC91}.Release|Any CPU.Build.0 = Release|Any CPU
		{BF72D569-0B4F-4C28-9EDA-C54EFA43426A}.Debug|Any CPU.ActiveCfg = Debug|Any CPU
		{BF72D569-0B4F-4C28-9EDA-C54EFA43426A}.Debug|Any CPU.Build.0 = Debug|Any CPU
		{BF72D569-0B4F-4C28-9EDA-C54EFA43426A}.Release|Any CPU.ActiveCfg = Release|Any CPU
		{BF72D569-0B4F-4C28-9EDA-C54EFA43426A}.Release|Any CPU.Build.0 = Release|Any CPU
		{CA7C4ABD-1C6E-4437-ABB8-37A6B0AD1CC5}.Debug|Any CPU.ActiveCfg = Debug|Any CPU
		{CA7C4ABD-1C6E-4437-ABB8-37A6B0AD1CC5}.Debug|Any CPU.Build.0 = Debug|Any CPU
		{CA7C4ABD-1C6E-4437-ABB8-37A6B0AD1CC5}.Release|Any CPU.ActiveCfg = Release|Any CPU
		{CA7C4ABD-1C6E-4437-ABB8-37A6B0AD1CC5}.Release|Any CPU.Build.0 = Release|Any CPU
		{619151F8-A6A9-40C2-AA8C-601E341A5011}.Debug|Any CPU.ActiveCfg = Debug|Any CPU
		{619151F8-A6A9-40C2-AA8C-601E341A5011}.Debug|Any CPU.Build.0 = Debug|Any CPU
		{619151F8-A6A9-40C2-AA8C-601E341A5011}.Release|Any CPU.ActiveCfg = Release|Any CPU
		{619151F8-A6A9-40C2-AA8C-601E341A5011}.Release|Any CPU.Build.0 = Release|Any CPU
	EndGlobalSection
	GlobalSection(SolutionProperties) = preSolution
		HideSolutionNode = FALSE
	EndGlobalSection
	GlobalSection(NestedProjects) = preSolution
		{C997EE13-66E2-44A8-850F-60B856A4AC8A} = {10A676FD-4AF2-41CB-AEC4-322A5AA119AA}
		{96221E09-1EE3-4EC4-8F46-61025ABCBC91} = {10A676FD-4AF2-41CB-AEC4-322A5AA119AA}
	EndGlobalSection
	GlobalSection(ExtensibilityGlobals) = postSolution
		SolutionGuid = {49D22672-1954-4D96-8502-45812129099F}
	EndGlobalSection
EndGlobal
